<?xml version="1.0" encoding="utf-8"?>
<Project ToolsVersion="4.0" xmlns="http://schemas.microsoft.com/developer/msbuild/2003">
  <ItemGroup>
    <Filter Include="Source Files">
      <UniqueIdentifier>{4FC737F1-C7A5-4376-A066-2A32D752A2FF}</UniqueIdentifier>
      <Extensions>cpp;c;cc;cxx;def;odl;idl;hpj;bat;asm;asmx</Extensions>
    </Filter>
    <Filter Include="Header Files">
      <UniqueIdentifier>{93995380-89BD-4b04-88EB-625FBE52EBFB}</UniqueIdentifier>
      <Extensions>h;hh;hpp;hxx;hm;inl;inc;xsd</Extensions>
    </Filter>
    <Filter Include="Resource Files">
      <UniqueIdentifier>{67DA6AB6-F800-4c08-8B7A-83BB121AAD01}</UniqueIdentifier>
      <Extensions>rc;ico;cur;bmp;dlg;rc2;rct;bin;rgs;gif;jpg;jpeg;jpe;resx;tiff;tif;png;wav;mfcribbon-ms</Extensions>
    </Filter>
    <Filter Include="WooSource">
      <UniqueIdentifier>{73c3a5c3-5856-47fe-9882-b646d09e67c8}</UniqueIdentifier>
    </Filter>
    <Filter Include="WooSource\Graphics">
      <UniqueIdentifier>{262d1a4b-3640-44e9-bf9c-9e1fec14fb87}</UniqueIdentifier>
    </Filter>
    <Filter Include="WooSource\Input">
      <UniqueIdentifier>{cdcd0ca4-ff73-4689-82d8-d14e7c8dfbc3}</UniqueIdentifier>
    </Filter>
    <Filter Include="WooSource\Math">
      <UniqueIdentifier>{90a8aa8e-e641-4ea8-acea-338dd0e89905}</UniqueIdentifier>
    </Filter>
    <Filter Include="WooSource\Utility">
      <UniqueIdentifier>{af57e75e-26b1-41f6-8671-9d00776f6d35}</UniqueIdentifier>
    </Filter>
    <Filter Include="WooSource\Shaders">
      <UniqueIdentifier>{52573ee7-624b-4b3a-87a2-9bb1b73ffc49}</UniqueIdentifier>
    </Filter>
    <Filter Include="WooSource\Graphics\Buffers">
      <UniqueIdentifier>{52f2fd82-c990-408e-a8a1-e9fd5390dade}</UniqueIdentifier>
    </Filter>
  </ItemGroup>
  <ItemGroup>
    <ClCompile Include="main.cpp">
      <Filter>Source Files</Filter>
    </ClCompile>
    <ClCompile Include="Window.cpp">
      <Filter>WooSource\Graphics</Filter>
    </ClCompile>
    <ClCompile Include="Vector.cpp">
      <Filter>WooSource\Math</Filter>
    </ClCompile>
    <ClCompile Include="Matrice.cpp">
      <Filter>WooSource\Math</Filter>
    </ClCompile>
    <ClCompile Include="Shader.cpp">
      <Filter>WooSource\Graphics</Filter>
    </ClCompile>
    <ClCompile Include="FileUtility.cpp">
      <Filter>WooSource\Utility</Filter>
    </ClCompile>
    <ClCompile Include="Buffer.cpp">
      <Filter>WooSource\Graphics\Buffers</Filter>
    </ClCompile>
    <ClCompile Include="IndexBuffer.cpp">
      <Filter>WooSource\Graphics\Buffers</Filter>
    </ClCompile>
    <ClCompile Include="VertexArray.cpp">
      <Filter>WooSource\Graphics\Buffers</Filter>
    </ClCompile>
    <ClCompile Include="Renderable.cpp">
      <Filter>WooSource\Graphics</Filter>
    </ClCompile>
    <ClCompile Include="BasicRenderer.cpp">
      <Filter>WooSource\Graphics</Filter>
    </ClCompile>
    <ClCompile Include="BatchRenderer.cpp">
      <Filter>WooSource\Graphics</Filter>
    </ClCompile>
  </ItemGroup>
  <ItemGroup>
    <ClInclude Include="Window.h">
      <Filter>WooSource\Graphics</Filter>
    </ClInclude>
    <ClInclude Include="Vector.h">
      <Filter>WooSource\Math</Filter>
    </ClInclude>
    <ClInclude Include="MathWoo.h">
      <Filter>WooSource\Math</Filter>
    </ClInclude>
    <ClInclude Include="Math.h">
      <Filter>WooSource\Math</Filter>
    </ClInclude>
    <ClInclude Include="Matrice.h">
      <Filter>WooSource\Math</Filter>
    </ClInclude>
    <ClInclude Include="FileUtility.h">
      <Filter>WooSource\Utility</Filter>
    </ClInclude>
    <ClInclude Include="Shader.h">
      <Filter>WooSource\Graphics</Filter>
    </ClInclude>
    <ClInclude Include="Buffer.h">
      <Filter>WooSource\Graphics\Buffers</Filter>
    </ClInclude>
    <ClInclude Include="IndexBuffer.h">
      <Filter>WooSource\Graphics\Buffers</Filter>
    </ClInclude>
    <ClInclude Include="VertexArray.h">
      <Filter>WooSource\Graphics\Buffers</Filter>
    </ClInclude>
    <ClInclude Include="Renderable.h">
      <Filter>WooSource\Graphics</Filter>
    </ClInclude>
    <ClInclude Include="Renderer.h">
      <Filter>WooSource\Graphics</Filter>
    </ClInclude>
    <ClInclude Include="BasicRenderer.h">
      <Filter>WooSource\Graphics</Filter>
    </ClInclude>
    <ClInclude Include="BatchRenderer.h">
      <Filter>WooSource\Graphics</Filter>
    </ClInclude>
  </ItemGroup>
  <ItemGroup>
    <None Include="Simple.vert">
      <Filter>WooSource\Shaders</Filter>
    </None>
    <None Include="Simple.frag">
      <Filter>WooSource\Shaders</Filter>
    </None>
  </ItemGroup>
</Project>